
Microsoft Visual Studio Solution File, Format Version 12.00
# Visual Studio 14
VisualStudioVersion = 14.0.25402.0
MinimumVisualStudioVersion = 10.0.40219.1
Project("{FAE04EC0-301F-11D3-BF4B-00C04F79EFBC}") = "00. LeetCode", "00. LeetCode\00. LeetCode.csproj", "{E3DDA73A-55AF-4B91-A9B2-1AF8C7F5C03D}"
EndProject
Project("{FAE04EC0-301F-11D3-BF4B-00C04F79EFBC}") = "01. Two Sum (Easy)", "01. Two Sum (Easy)\01. Two Sum (Easy).csproj", "{CDB89042-851F-4BB2-A79E-7844315C9AA6}"
EndProject
Project("{FAE04EC0-301F-11D3-BF4B-00C04F79EFBC}") = "02. Add Two Numbers (Medium)", "02. Add Two Numbers (Medium)\02. Add Two Numbers (Medium).csproj", "{66FA2328-CD7A-4131-AFA6-7DD2CABB444C}"
EndProject
Project("{FAE04EC0-301F-11D3-BF4B-00C04F79EFBC}") = "03. Longest Substring Without Repeating Characters (Medium)", "03. Longest Substring Without Repeating Characters (Medium)\03. Longest Substring Without Repeating Characters (Medium).csproj", "{CC5A1035-4858-4143-8013-445DA597DCAD}"
EndProject
Project("{FAE04EC0-301F-11D3-BF4B-00C04F79EFBC}") = "04. Median of Two Sorted Arrays (Hard)", "04. Median of Two Sorted Arrays (Hard)\04. Median of Two Sorted Arrays (Hard).csproj", "{171DC681-1E1C-47EF-9F83-E98A54BDE523}"
EndProject
Project("{FAE04EC0-301F-11D3-BF4B-00C04F79EFBC}") = "05. Longest Palindromic Substring (Medium)", "05. Longest Palindromic Substring (Medium)\05. Longest Palindromic Substring (Medium).csproj", "{75E76639-159F-4746-BA61-FE3B12FF42AC}"
EndProject
Global
	GlobalSection(SolutionConfigurationPlatforms) = preSolution
		Debug|Any CPU = Debug|Any CPU
		Release|Any CPU = Release|Any CPU
	EndGlobalSection
	GlobalSection(ProjectConfigurationPlatforms) = postSolution
		{E3DDA73A-55AF-4B91-A9B2-1AF8C7F5C03D}.Debug|Any CPU.ActiveCfg = Debug|Any CPU
		{E3DDA73A-55AF-4B91-A9B2-1AF8C7F5C03D}.Debug|Any CPU.Build.0 = Debug|Any CPU
		{E3DDA73A-55AF-4B91-A9B2-1AF8C7F5C03D}.Release|Any CPU.ActiveCfg = Release|Any CPU
		{E3DDA73A-55AF-4B91-A9B2-1AF8C7F5C03D}.Release|Any CPU.Build.0 = Release|Any CPU
		{CDB89042-851F-4BB2-A79E-7844315C9AA6}.Debug|Any CPU.ActiveCfg = Debug|Any CPU
		{CDB89042-851F-4BB2-A79E-7844315C9AA6}.Debug|Any CPU.Build.0 = Debug|Any CPU
		{CDB89042-851F-4BB2-A79E-7844315C9AA6}.Release|Any CPU.ActiveCfg = Release|Any CPU
		{CDB89042-851F-4BB2-A79E-7844315C9AA6}.Release|Any CPU.Build.0 = Release|Any CPU
		{66FA2328-CD7A-4131-AFA6-7DD2CABB444C}.Debug|Any CPU.ActiveCfg = Debug|Any CPU
		{66FA2328-CD7A-4131-AFA6-7DD2CABB444C}.Debug|Any CPU.Build.0 = Debug|Any CPU
		{66FA2328-CD7A-4131-AFA6-7DD2CABB444C}.Release|Any CPU.ActiveCfg = Release|Any CPU
		{66FA2328-CD7A-4131-AFA6-7DD2CABB444C}.Release|Any CPU.Build.0 = Release|Any CPU
		{CC5A1035-4858-4143-8013-445DA597DCAD}.Debug|Any CPU.ActiveCfg = Debug|Any CPU
		{CC5A1035-4858-4143-8013-445DA597DCAD}.Debug|Any CPU.Build.0 = Debug|Any CPU
		{CC5A1035-4858-4143-8013-445DA597DCAD}.Release|Any CPU.ActiveCfg = Release|Any CPU
		{CC5A1035-4858-4143-8013-445DA597DCAD}.Release|Any CPU.Build.0 = Release|Any CPU
		{171DC681-1E1C-47EF-9F83-E98A54BDE523}.Debug|Any CPU.ActiveCfg = Debug|Any CPU
		{171DC681-1E1C-47EF-9F83-E98A54BDE523}.Debug|Any CPU.Build.0 = Debug|Any CPU
		{171DC681-1E1C-47EF-9F83-E98A54BDE523}.Release|Any CPU.ActiveCfg = Release|Any CPU
		{171DC681-1E1C-47EF-9F83-E98A54BDE523}.Release|Any CPU.Build.0 = Release|Any CPU
		{75E76639-159F-4746-BA61-FE3B12FF42AC}.Debug|Any CPU.ActiveCfg = Debug|Any CPU
		{75E76639-159F-4746-BA61-FE3B12FF42AC}.Debug|Any CPU.Build.0 = Debug|Any CPU
		{75E76639-159F-4746-BA61-FE3B12FF42AC}.Release|Any CPU.ActiveCfg = Release|Any CPU
		{75E76639-159F-4746-BA61-FE3B12FF42AC}.Release|Any CPU.Build.0 = Release|Any CPU
	EndGlobalSection
	GlobalSection(SolutionProperties) = preSolution
		HideSolutionNode = FALSE
	EndGlobalSection
EndGlobal
