
Microsoft Visual Studio Solution File, Format Version 12.00
# Visual Studio 14
VisualStudioVersion = 14.0.25402.0
MinimumVisualStudioVersion = 10.0.40219.1
Project("{FAE04EC0-301F-11D3-BF4B-00C04F79EFBC}") = "00. LeetCode", "00. LeetCode\00. LeetCode.csproj", "{E3DDA73A-55AF-4B91-A9B2-1AF8C7F5C03D}"
EndProject
Project("{FAE04EC0-301F-11D3-BF4B-00C04F79EFBC}") = "01. Two Sum (E)", "01. Two Sum\01. Two Sum (E).csproj", "{D6F69704-E2AA-436D-91EC-52602653AC00}"
EndProject
Project("{FAE04EC0-301F-11D3-BF4B-00C04F79EFBC}") = "02. Add Two Numbers (M)", "02. Add Two Numbers\02. Add Two Numbers (M).csproj", "{F99AE3BF-D318-4BB8-A452-F94466A90E84}"
EndProject
Project("{FAE04EC0-301F-11D3-BF4B-00C04F79EFBC}") = "03. Longest Substring Without Repeating Characters (M)", "03. Longest Substring Without Repeating Characters\03. Longest Substring Without Repeating Characters (M).csproj", "{05ADD690-6877-46FD-B24C-3C787A2F6685}"
EndProject
Project("{FAE04EC0-301F-11D3-BF4B-00C04F79EFBC}") = "04. Median of Two Sorted Arrays (H)", "04. Median of Two Sorted Arrays\04. Median of Two Sorted Arrays (H).csproj", "{D8069582-7DCB-4A39-9C2A-C78E8B03D432}"
EndProject
Global
	GlobalSection(SolutionConfigurationPlatforms) = preSolution
		Debug|Any CPU = Debug|Any CPU
		Release|Any CPU = Release|Any CPU
	EndGlobalSection
	GlobalSection(ProjectConfigurationPlatforms) = postSolution
		{E3DDA73A-55AF-4B91-A9B2-1AF8C7F5C03D}.Debug|Any CPU.ActiveCfg = Debug|Any CPU
		{E3DDA73A-55AF-4B91-A9B2-1AF8C7F5C03D}.Debug|Any CPU.Build.0 = Debug|Any CPU
		{E3DDA73A-55AF-4B91-A9B2-1AF8C7F5C03D}.Release|Any CPU.ActiveCfg = Release|Any CPU
		{E3DDA73A-55AF-4B91-A9B2-1AF8C7F5C03D}.Release|Any CPU.Build.0 = Release|Any CPU
		{D6F69704-E2AA-436D-91EC-52602653AC00}.Debug|Any CPU.ActiveCfg = Debug|Any CPU
		{D6F69704-E2AA-436D-91EC-52602653AC00}.Debug|Any CPU.Build.0 = Debug|Any CPU
		{D6F69704-E2AA-436D-91EC-52602653AC00}.Release|Any CPU.ActiveCfg = Release|Any CPU
		{D6F69704-E2AA-436D-91EC-52602653AC00}.Release|Any CPU.Build.0 = Release|Any CPU
		{F99AE3BF-D318-4BB8-A452-F94466A90E84}.Debug|Any CPU.ActiveCfg = Debug|Any CPU
		{F99AE3BF-D318-4BB8-A452-F94466A90E84}.Debug|Any CPU.Build.0 = Debug|Any CPU
		{F99AE3BF-D318-4BB8-A452-F94466A90E84}.Release|Any CPU.ActiveCfg = Release|Any CPU
		{F99AE3BF-D318-4BB8-A452-F94466A90E84}.Release|Any CPU.Build.0 = Release|Any CPU
		{05ADD690-6877-46FD-B24C-3C787A2F6685}.Debug|Any CPU.ActiveCfg = Debug|Any CPU
		{05ADD690-6877-46FD-B24C-3C787A2F6685}.Debug|Any CPU.Build.0 = Debug|Any CPU
		{05ADD690-6877-46FD-B24C-3C787A2F6685}.Release|Any CPU.ActiveCfg = Release|Any CPU
		{05ADD690-6877-46FD-B24C-3C787A2F6685}.Release|Any CPU.Build.0 = Release|Any CPU
		{D8069582-7DCB-4A39-9C2A-C78E8B03D432}.Debug|Any CPU.ActiveCfg = Debug|Any CPU
		{D8069582-7DCB-4A39-9C2A-C78E8B03D432}.Debug|Any CPU.Build.0 = Debug|Any CPU
		{D8069582-7DCB-4A39-9C2A-C78E8B03D432}.Release|Any CPU.ActiveCfg = Release|Any CPU
		{D8069582-7DCB-4A39-9C2A-C78E8B03D432}.Release|Any CPU.Build.0 = Release|Any CPU
	EndGlobalSection
	GlobalSection(SolutionProperties) = preSolution
		HideSolutionNode = FALSE
	EndGlobalSection
EndGlobal
